{
  "name": "example2",
  "lockfileVersion": 3,
  "requires": true,
  "packages": {
    "": {
      "devDependencies": {
        "elm-land": "0.20.1",
        "elm-test-rs": "3.0.0-5",
        "lamdera": "0.19.1-1.2.1-1"
      }
    },
    "node_modules/@elm_binaries/darwin_arm64": {
      "version": "0.19.1-0",
      "cpu": [
        "arm64"
      ],
      "dev": true,
      "license": "BSD-3-Clause",
      "optional": true,
      "os": [
        "darwin"
      ]
    },
    "node_modules/@esbuild/darwin-arm64": {
      "version": "0.20.2",
      "cpu": [
        "arm64"
      ],
      "dev": true,
      "license": "MIT",
      "optional": true,
      "os": [
        "darwin"
      ],
      "engines": {
        "node": ">=12"
      }
    },
    "node_modules/@jridgewell/gen-mapping": {
      "version": "0.3.5",
      "dev": true,
      "license": "MIT",
      "dependencies": {
        "@jridgewell/set-array": "^1.2.1",
        "@jridgewell/sourcemap-codec": "^1.4.10",
        "@jridgewell/trace-mapping": "^0.3.24"
      },
      "engines": {
        "node": ">=6.0.0"
      }
    },
    "node_modules/@jridgewell/resolve-uri": {
      "version": "3.1.2",
      "dev": true,
      "license": "MIT",
      "engines": {
        "node": ">=6.0.0"
      }
    },
    "node_modules/@jridgewell/set-array": {
      "version": "1.2.1",
      "dev": true,
      "license": "MIT",
      "engines": {
        "node": ">=6.0.0"
      }
    },
    "node_modules/@jridgewell/source-map": {
      "version": "0.3.6",
      "dev": true,
      "license": "MIT",
      "dependencies": {
        "@jridgewell/gen-mapping": "^0.3.5",
        "@jridgewell/trace-mapping": "^0.3.25"
      }
    },
    "node_modules/@jridgewell/sourcemap-codec": {
      "version": "1.5.0",
      "dev": true,
      "license": "MIT"
    },
    "node_modules/@jridgewell/trace-mapping": {
      "version": "0.3.25",
      "dev": true,
      "license": "MIT",
      "dependencies": {
        "@jridgewell/resolve-uri": "^3.1.0",
        "@jridgewell/sourcemap-codec": "^1.4.14"
      }
    },
    "node_modules/@lamdera/compiler-darwin-arm64": {
      "version": "0.19.1-1.2.1",
      "resolved": "https://registry.npmjs.org/@lamdera/compiler-darwin-arm64/-/compiler-darwin-arm64-0.19.1-1.2.1.tgz",
      "integrity": "sha512-/lWx40y/ISjXpExBaYjCn2UFVrdQOuZj+O+y70eajmLgt4dWW51aWETbxC6Em8hfhDRwWnnrIOHCUZL4a+R57Q==",
      "cpu": [
        "arm64"
      ],
      "dev": true,
      "optional": true,
      "os": [
        "darwin"
      ]
    },
    "node_modules/@lamdera/compiler-darwin-x64": {
      "version": "0.19.1-1.2.1",
      "resolved": "https://registry.npmjs.org/@lamdera/compiler-darwin-x64/-/compiler-darwin-x64-0.19.1-1.2.1.tgz",
      "integrity": "sha512-UQnHe82gYAvCKdswcXxayQ/tFS26Uk7DS4/YQ4CEoWvBQq1XwtNGnX/ccPoPxWQ1InArGcV+i3ThLKx1oDDD1Q==",
      "cpu": [
        "x64"
      ],
      "dev": true,
      "optional": true,
      "os": [
        "darwin"
      ]
    },
    "node_modules/@lamdera/compiler-linux-arm64": {
      "version": "0.19.1-1.2.1",
      "resolved": "https://registry.npmjs.org/@lamdera/compiler-linux-arm64/-/compiler-linux-arm64-0.19.1-1.2.1.tgz",
      "integrity": "sha512-0hX4n24nIiO7UEhF0YvPiK/5bmSKlVwry8RTiKoP9GI9U7L7sjvDU63smxYhUDNmadS1bBq1eyzULpvVG7tgNQ==",
      "cpu": [
        "arm64"
      ],
      "dev": true,
      "optional": true,
      "os": [
        "linux"
      ]
    },
    "node_modules/@lamdera/compiler-linux-x64": {
      "version": "0.19.1-1.2.1",
      "resolved": "https://registry.npmjs.org/@lamdera/compiler-linux-x64/-/compiler-linux-x64-0.19.1-1.2.1.tgz",
      "integrity": "sha512-ZRuCjSyM6hq2v9BZIQa98NhDmXbShqZjB8UVCQzrjgF9vFu/kM61921iwdHv1ktqJz1Glp5P3eQAjRHDQ9/CvQ==",
      "cpu": [
        "x64"
      ],
      "dev": true,
      "optional": true,
      "os": [
        "linux"
      ]
    },
    "node_modules/@lamdera/compiler-win32-x64": {
      "version": "0.19.1-1.2.1",
      "resolved": "https://registry.npmjs.org/@lamdera/compiler-win32-x64/-/compiler-win32-x64-0.19.1-1.2.1.tgz",
      "integrity": "sha512-GxegjV/2Uet8IFaOBOhyVEmo7Ay2r8JxoWx8VKKs1ooF5jPrtLYvlCMbgqn9Gy62RRjvR2vmNmks25E8vrVQeQ==",
      "cpu": [
        "x64"
      ],
      "dev": true,
      "optional": true,
      "os": [
        "win32"
      ]
    },
    "node_modules/@lydell/elm": {
      "version": "0.19.1-14",
      "dev": true,
      "hasInstallScript": true,
      "license": "BSD-3-Clause",
      "bin": {
        "elm": "bin/elm"
      },
      "optionalDependencies": {
        "@lydell/elm_darwin_arm64": "0.19.1-3",
        "@lydell/elm_darwin_x64": "0.19.1-2",
        "@lydell/elm_linux_arm": "0.19.1-0",
        "@lydell/elm_linux_arm64": "0.19.1-4",
        "@lydell/elm_linux_x64": "0.19.1-1",
        "@lydell/elm_win32_x64": "0.19.1-1"
      }
    },
    "node_modules/@lydell/elm_darwin_arm64": {
      "version": "0.19.1-3",
      "cpu": [
        "arm64"
      ],
      "dev": true,
      "license": "BSD-3-Clause",
      "optional": true,
      "os": [
        "darwin"
      ]
    },
    "node_modules/@mattpiz/elm-test-rs-darwin-arm64": {
      "version": "3.0.0-1",
      "resolved": "https://registry.npmjs.org/@mattpiz/elm-test-rs-darwin-arm64/-/elm-test-rs-darwin-arm64-3.0.0-1.tgz",
      "integrity": "sha512-+8pzcj2CK8NUElWvI4NUwCtn1doLk05NjFRXS9nUluGzgoImy9wwQPLtla5DWgdYOL70UufkwfxJN+0qaQMEpg==",
      "cpu": [
        "arm64"
      ],
      "dev": true,
      "optional": true,
      "os": [
        "darwin"
      ]
    },
    "node_modules/@mattpiz/elm-test-rs-darwin-x64": {
      "version": "3.0.0-0",
      "resolved": "https://registry.npmjs.org/@mattpiz/elm-test-rs-darwin-x64/-/elm-test-rs-darwin-x64-3.0.0-0.tgz",
      "integrity": "sha512-PfUELK7y9UpeZnvKeJBSPbuCbb1I3T0ptZUOnjVIWvAQmg3iov6I79PD2OEP9NtP0iepj+2v2BtgbmZlVrXIZg==",
      "cpu": [
        "x64"
      ],
      "dev": true,
      "optional": true,
      "os": [
        "darwin"
      ]
    },
    "node_modules/@mattpiz/elm-test-rs-linux-arm": {
      "version": "3.0.0-0",
      "resolved": "https://registry.npmjs.org/@mattpiz/elm-test-rs-linux-arm/-/elm-test-rs-linux-arm-3.0.0-0.tgz",
      "integrity": "sha512-VVFq5horhAldLLmz/P2ljLArJkZuuzpjIUVo9KIPA15euesAxM0lzUnj5Bag9kbjZz4T6/YKToXnaxdDdwcitg==",
      "cpu": [
        "arm"
      ],
      "dev": true,
      "optional": true,
      "os": [
        "linux"
      ]
    },
    "node_modules/@mattpiz/elm-test-rs-linux-arm64": {
      "version": "3.0.0-0",
      "resolved": "https://registry.npmjs.org/@mattpiz/elm-test-rs-linux-arm64/-/elm-test-rs-linux-arm64-3.0.0-0.tgz",
      "integrity": "sha512-BdfQDWtVUFM1NMPa5U5lBKT3gtDSP7KpypdK+R0jRBx51382t5VA5Byb+2Nzc7aXgS6LA1/nvNRtq/jO7Aj2uw==",
      "cpu": [
        "arm64"
      ],
      "dev": true,
      "optional": true,
      "os": [
        "linux"
      ]
    },
    "node_modules/@mattpiz/elm-test-rs-linux-x64": {
      "version": "3.0.0-0",
      "resolved": "https://registry.npmjs.org/@mattpiz/elm-test-rs-linux-x64/-/elm-test-rs-linux-x64-3.0.0-0.tgz",
      "integrity": "sha512-RfOs3KEyPn0yEHjMjka3R99SdR/TtjgnjSsYahLL1mVUaWOHEcdr86iU6CpWScVtY2jMNQLaeudXOcBm6lXIsQ==",
      "cpu": [
        "x64"
      ],
      "dev": true,
      "optional": true,
      "os": [
        "linux"
      ]
    },
    "node_modules/@mattpiz/elm-test-rs-win32-x64": {
      "version": "3.0.0-0",
      "resolved": "https://registry.npmjs.org/@mattpiz/elm-test-rs-win32-x64/-/elm-test-rs-win32-x64-3.0.0-0.tgz",
      "integrity": "sha512-7Vr74820XFPwUNrpZVybStPlCTyAjthgnUel23j3fJB2yDm9ydbBSPvLCmngqzkZBAnpX8eruUqDphTx+mR28Q==",
      "cpu": [
        "x64"
      ],
      "dev": true,
      "optional": true,
      "os": [
        "win32"
      ]
    },
    "node_modules/@rollup/rollup-darwin-arm64": {
      "version": "4.18.1",
      "cpu": [
        "arm64"
      ],
      "dev": true,
      "license": "MIT",
      "optional": true,
      "os": [
        "darwin"
      ]
    },
    "node_modules/@types/estree": {
      "version": "1.0.5",
      "dev": true,
      "license": "MIT"
    },
    "node_modules/acorn": {
      "version": "8.12.1",
      "dev": true,
      "license": "MIT",
      "bin": {
        "acorn": "bin/acorn"
      },
      "engines": {
        "node": ">=0.4.0"
      }
    },
    "node_modules/anymatch": {
      "version": "3.1.3",
      "dev": true,
      "license": "ISC",
      "dependencies": {
        "normalize-path": "^3.0.0",
        "picomatch": "^2.0.4"
      },
      "engines": {
        "node": ">= 8"
      }
    },
    "node_modules/binary-extensions": {
      "version": "2.3.0",
      "dev": true,
      "license": "MIT",
      "engines": {
        "node": ">=8"
      },
      "funding": {
        "url": "https://github.com/sponsors/sindresorhus"
      }
    },
    "node_modules/braces": {
      "version": "3.0.3",
      "dev": true,
      "license": "MIT",
      "dependencies": {
        "fill-range": "^7.1.1"
      },
      "engines": {
        "node": ">=8"
      }
    },
    "node_modules/buffer-from": {
      "version": "1.1.2",
      "dev": true,
      "license": "MIT"
    },
    "node_modules/chokidar": {
      "version": "3.5.3",
      "dev": true,
      "funding": [
        {
          "type": "individual",
          "url": "https://paulmillr.com/funding/"
        }
      ],
      "license": "MIT",
      "dependencies": {
        "anymatch": "~3.1.2",
        "braces": "~3.0.2",
        "glob-parent": "~5.1.2",
        "is-binary-path": "~2.1.0",
        "is-glob": "~4.0.1",
        "normalize-path": "~3.0.0",
        "readdirp": "~3.6.0"
      },
      "engines": {
        "node": ">= 8.10.0"
      },
      "optionalDependencies": {
        "fsevents": "~2.3.2"
      }
    },
    "node_modules/commander": {
      "version": "2.20.3",
      "dev": true,
      "license": "MIT"
    },
    "node_modules/cross-spawn": {
      "version": "7.0.3",
      "dev": true,
      "license": "MIT",
      "dependencies": {
        "path-key": "^3.1.0",
        "shebang-command": "^2.0.0",
        "which": "^2.0.1"
      },
      "engines": {
        "node": ">= 8"
      }
    },
    "node_modules/elm": {
      "version": "0.19.1-6",
      "dev": true,
      "hasInstallScript": true,
      "license": "BSD-3-Clause",
      "bin": {
        "elm": "bin/elm"
      },
      "engines": {
        "node": ">=7.0.0"
      },
      "optionalDependencies": {
        "@elm_binaries/darwin_arm64": "0.19.1-0",
        "@elm_binaries/darwin_x64": "0.19.1-0",
        "@elm_binaries/linux_x64": "0.19.1-0",
        "@elm_binaries/win32_x64": "0.19.1-0"
      }
    },
    "node_modules/elm-land": {
      "version": "0.20.1",
      "resolved": "https://registry.npmjs.org/elm-land/-/elm-land-0.20.1.tgz",
      "integrity": "sha512-AY8BxYNT7mblaIO9SS2YQPdskZdMsLL6fqjAA5bORdkGIRDkMeaw+rXgiVSHUM2+TK0k/ld0TdQEAd24Moi5nw==",
      "dev": true,
      "dependencies": {
        "@lydell/elm": "0.19.1-14",
        "chokidar": "3.5.3",
        "terser": "5.15.1",
        "typescript": "4.9.3",
        "vite": "5.2.8",
        "vite-plugin-elm-watch": "1.3.3"
      },
      "bin": {
        "elm-land": "src/index.js"
      }
    },
    "node_modules/elm-test-rs": {
      "version": "3.0.0-5",
      "resolved": "https://registry.npmjs.org/elm-test-rs/-/elm-test-rs-3.0.0-5.tgz",
      "integrity": "sha512-efTPM54Ly7gm6zfECCYxfueP4TOVrMudae2eturtMBAvp5rlFOkWUL+7VHAsd4AjCvMNw5h7qD+c/RqQDhAH9Q==",
      "dev": true,
      "hasInstallScript": true,
      "bin": {
        "elm-test-rs": "elm-test-rs.js"
      },
      "optionalDependencies": {
        "@mattpiz/elm-test-rs-darwin-arm64": "3.0.0-1",
        "@mattpiz/elm-test-rs-darwin-x64": "3.0.0-0",
        "@mattpiz/elm-test-rs-linux-arm": "3.0.0-0",
        "@mattpiz/elm-test-rs-linux-arm64": "3.0.0-0",
        "@mattpiz/elm-test-rs-linux-x64": "3.0.0-0",
        "@mattpiz/elm-test-rs-win32-x64": "3.0.0-0"
      }
    },
    "node_modules/esbuild": {
      "version": "0.20.2",
      "dev": true,
      "hasInstallScript": true,
      "license": "MIT",
      "bin": {
        "esbuild": "bin/esbuild"
      },
      "engines": {
        "node": ">=12"
      },
      "optionalDependencies": {
        "@esbuild/aix-ppc64": "0.20.2",
        "@esbuild/android-arm": "0.20.2",
        "@esbuild/android-arm64": "0.20.2",
        "@esbuild/android-x64": "0.20.2",
        "@esbuild/darwin-arm64": "0.20.2",
        "@esbuild/darwin-x64": "0.20.2",
        "@esbuild/freebsd-arm64": "0.20.2",
        "@esbuild/freebsd-x64": "0.20.2",
        "@esbuild/linux-arm": "0.20.2",
        "@esbuild/linux-arm64": "0.20.2",
        "@esbuild/linux-ia32": "0.20.2",
        "@esbuild/linux-loong64": "0.20.2",
        "@esbuild/linux-mips64el": "0.20.2",
        "@esbuild/linux-ppc64": "0.20.2",
        "@esbuild/linux-riscv64": "0.20.2",
        "@esbuild/linux-s390x": "0.20.2",
        "@esbuild/linux-x64": "0.20.2",
        "@esbuild/netbsd-x64": "0.20.2",
        "@esbuild/openbsd-x64": "0.20.2",
        "@esbuild/sunos-x64": "0.20.2",
        "@esbuild/win32-arm64": "0.20.2",
        "@esbuild/win32-ia32": "0.20.2",
        "@esbuild/win32-x64": "0.20.2"
      }
    },
    "node_modules/fill-range": {
      "version": "7.1.1",
      "dev": true,
      "license": "MIT",
      "dependencies": {
        "to-regex-range": "^5.0.1"
      },
      "engines": {
        "node": ">=8"
      }
    },
    "node_modules/fsevents": {
      "version": "2.3.3",
      "dev": true,
      "license": "MIT",
      "optional": true,
      "os": [
        "darwin"
      ],
      "engines": {
        "node": "^8.16.0 || ^10.6.0 || >=11.0.0"
      }
    },
    "node_modules/glob-parent": {
      "version": "5.1.2",
      "dev": true,
      "license": "ISC",
      "dependencies": {
        "is-glob": "^4.0.1"
      },
      "engines": {
        "node": ">= 6"
      }
    },
    "node_modules/is-binary-path": {
      "version": "2.1.0",
      "dev": true,
      "license": "MIT",
      "dependencies": {
        "binary-extensions": "^2.0.0"
      },
      "engines": {
        "node": ">=8"
      }
    },
    "node_modules/is-extglob": {
      "version": "2.1.1",
      "dev": true,
      "license": "MIT",
      "engines": {
        "node": ">=0.10.0"
      }
    },
    "node_modules/is-glob": {
      "version": "4.0.3",
      "dev": true,
      "license": "MIT",
      "dependencies": {
        "is-extglob": "^2.1.1"
      },
      "engines": {
        "node": ">=0.10.0"
      }
    },
    "node_modules/is-number": {
      "version": "7.0.0",
      "dev": true,
      "license": "MIT",
      "engines": {
        "node": ">=0.12.0"
      }
    },
    "node_modules/isexe": {
      "version": "2.0.0",
      "dev": true,
      "license": "ISC"
    },
    "node_modules/lamdera": {
      "version": "0.19.1-1.2.1-1",
      "resolved": "https://registry.npmjs.org/lamdera/-/lamdera-0.19.1-1.2.1-1.tgz",
      "integrity": "sha512-2/kikDtleamLenCAvaD0I674DBZ9b2PzsQE/vYyda8Wl5eapTAD8xCBoiElLAlPPA8Kn2Htz4v2dEmFdcvCw2A==",
      "dev": true,
      "hasInstallScript": true,
      "bin": {
        "lamdera": "bin/lamdera"
      },
      "optionalDependencies": {
        "@lamdera/compiler-darwin-arm64": "0.19.1-1.2.1",
        "@lamdera/compiler-darwin-x64": "0.19.1-1.2.1",
        "@lamdera/compiler-linux-arm64": "0.19.1-1.2.1",
        "@lamdera/compiler-linux-x64": "0.19.1-1.2.1",
        "@lamdera/compiler-win32-x64": "0.19.1-1.2.1"
      }
    },
    "node_modules/launch-editor": {
      "version": "2.6.1",
      "dev": true,
      "license": "MIT",
      "dependencies": {
        "picocolors": "^1.0.0",
        "shell-quote": "^1.8.1"
      }
    },
    "node_modules/nanoid": {
      "version": "3.3.7",
      "dev": true,
      "funding": [
        {
          "type": "github",
          "url": "https://github.com/sponsors/ai"
        }
      ],
      "license": "MIT",
      "bin": {
        "nanoid": "bin/nanoid.cjs"
      },
      "engines": {
        "node": "^10 || ^12 || ^13.7 || ^14 || >=15.0.1"
      }
    },
    "node_modules/normalize-path": {
      "version": "3.0.0",
      "dev": true,
      "license": "MIT",
      "engines": {
        "node": ">=0.10.0"
      }
    },
    "node_modules/path-key": {
      "version": "3.1.1",
      "dev": true,
      "license": "MIT",
      "engines": {
        "node": ">=8"
      }
    },
    "node_modules/picocolors": {
      "version": "1.0.1",
      "dev": true,
      "license": "ISC"
    },
    "node_modules/picomatch": {
      "version": "2.3.1",
      "dev": true,
      "license": "MIT",
      "engines": {
        "node": ">=8.6"
      },
      "funding": {
        "url": "https://github.com/sponsors/jonschlinkert"
      }
    },
    "node_modules/postcss": {
      "version": "8.4.39",
      "dev": true,
      "funding": [
        {
          "type": "opencollective",
          "url": "https://opencollective.com/postcss/"
        },
        {
          "type": "tidelift",
          "url": "https://tidelift.com/funding/github/npm/postcss"
        },
        {
          "type": "github",
          "url": "https://github.com/sponsors/ai"
        }
      ],
      "license": "MIT",
      "dependencies": {
        "nanoid": "^3.3.7",
        "picocolors": "^1.0.1",
        "source-map-js": "^1.2.0"
      },
      "engines": {
        "node": "^10 || ^12 || >=14"
      }
    },
    "node_modules/readdirp": {
      "version": "3.6.0",
      "dev": true,
      "license": "MIT",
      "dependencies": {
        "picomatch": "^2.2.1"
      },
      "engines": {
        "node": ">=8.10.0"
      }
    },
    "node_modules/rollup": {
      "version": "4.18.1",
      "dev": true,
      "license": "MIT",
      "dependencies": {
        "@types/estree": "1.0.5"
      },
      "bin": {
        "rollup": "dist/bin/rollup"
      },
      "engines": {
        "node": ">=18.0.0",
        "npm": ">=8.0.0"
      },
      "optionalDependencies": {
        "@rollup/rollup-android-arm-eabi": "4.18.1",
        "@rollup/rollup-android-arm64": "4.18.1",
        "@rollup/rollup-darwin-arm64": "4.18.1",
        "@rollup/rollup-darwin-x64": "4.18.1",
        "@rollup/rollup-linux-arm-gnueabihf": "4.18.1",
        "@rollup/rollup-linux-arm-musleabihf": "4.18.1",
        "@rollup/rollup-linux-arm64-gnu": "4.18.1",
        "@rollup/rollup-linux-arm64-musl": "4.18.1",
        "@rollup/rollup-linux-powerpc64le-gnu": "4.18.1",
        "@rollup/rollup-linux-riscv64-gnu": "4.18.1",
        "@rollup/rollup-linux-s390x-gnu": "4.18.1",
        "@rollup/rollup-linux-x64-gnu": "4.18.1",
        "@rollup/rollup-linux-x64-musl": "4.18.1",
        "@rollup/rollup-win32-arm64-msvc": "4.18.1",
        "@rollup/rollup-win32-ia32-msvc": "4.18.1",
        "@rollup/rollup-win32-x64-msvc": "4.18.1",
        "fsevents": "~2.3.2"
      }
    },
    "node_modules/shebang-command": {
      "version": "2.0.0",
      "dev": true,
      "license": "MIT",
      "dependencies": {
        "shebang-regex": "^3.0.0"
      },
      "engines": {
        "node": ">=8"
      }
    },
    "node_modules/shebang-regex": {
      "version": "3.0.0",
      "dev": true,
      "license": "MIT",
      "engines": {
        "node": ">=8"
      }
    },
    "node_modules/shell-quote": {
      "version": "1.8.1",
      "dev": true,
      "license": "MIT",
      "funding": {
        "url": "https://github.com/sponsors/ljharb"
      }
    },
    "node_modules/source-map": {
      "version": "0.6.1",
      "dev": true,
      "license": "BSD-3-Clause",
      "engines": {
        "node": ">=0.10.0"
      }
    },
    "node_modules/source-map-js": {
      "version": "1.2.0",
      "dev": true,
      "license": "BSD-3-Clause",
      "engines": {
        "node": ">=0.10.0"
      }
    },
    "node_modules/source-map-support": {
      "version": "0.5.21",
      "dev": true,
      "license": "MIT",
      "dependencies": {
        "buffer-from": "^1.0.0",
        "source-map": "^0.6.0"
      }
    },
    "node_modules/terser": {
      "version": "5.15.1",
      "dev": true,
      "license": "BSD-2-Clause",
      "dependencies": {
        "@jridgewell/source-map": "^0.3.2",
        "acorn": "^8.5.0",
        "commander": "^2.20.0",
        "source-map-support": "~0.5.20"
      },
      "bin": {
        "terser": "bin/terser"
      },
      "engines": {
        "node": ">=10"
      }
    },
    "node_modules/tiny-decoders": {
      "version": "7.0.1",
      "dev": true,
      "license": "MIT"
    },
    "node_modules/to-regex-range": {
      "version": "5.0.1",
      "dev": true,
      "license": "MIT",
      "dependencies": {
        "is-number": "^7.0.0"
      },
      "engines": {
        "node": ">=8.0"
      }
    },
    "node_modules/typescript": {
      "version": "4.9.3",
      "dev": true,
      "license": "Apache-2.0",
      "bin": {
        "tsc": "bin/tsc",
        "tsserver": "bin/tsserver"
      },
      "engines": {
        "node": ">=4.2.0"
      }
    },
    "node_modules/vite": {
      "version": "5.2.8",
      "dev": true,
      "license": "MIT",
      "dependencies": {
        "esbuild": "^0.20.1",
        "postcss": "^8.4.38",
        "rollup": "^4.13.0"
      },
      "bin": {
        "vite": "bin/vite.js"
      },
      "engines": {
        "node": "^18.0.0 || >=20.0.0"
      },
      "funding": {
        "url": "https://github.com/vitejs/vite?sponsor=1"
      },
      "optionalDependencies": {
        "fsevents": "~2.3.3"
      },
      "peerDependencies": {
        "@types/node": "^18.0.0 || >=20.0.0",
        "less": "*",
        "lightningcss": "^1.21.0",
        "sass": "*",
        "stylus": "*",
        "sugarss": "*",
        "terser": "^5.4.0"
      },
      "peerDependenciesMeta": {
        "@types/node": {
          "optional": true
        },
        "less": {
          "optional": true
        },
        "lightningcss": {
          "optional": true
        },
        "sass": {
          "optional": true
        },
        "stylus": {
          "optional": true
        },
        "sugarss": {
          "optional": true
        },
        "terser": {
          "optional": true
        }
      }
    },
    "node_modules/vite-plugin-elm-watch": {
      "version": "1.3.3",
      "dev": true,
      "license": "ISC",
      "dependencies": {
        "cross-spawn": "7.0.3",
        "elm": "0.19.1-6",
        "launch-editor": "2.6.1",
        "terser": "5.26.0",
        "tiny-decoders": "7.0.1"
      }
    },
    "node_modules/vite-plugin-elm-watch/node_modules/terser": {
      "version": "5.26.0",
      "dev": true,
      "license": "BSD-2-Clause",
      "dependencies": {
        "@jridgewell/source-map": "^0.3.3",
        "acorn": "^8.8.2",
        "commander": "^2.20.0",
        "source-map-support": "~0.5.20"
      },
      "bin": {
        "terser": "bin/terser"
      },
      "engines": {
        "node": ">=10"
      }
    },
    "node_modules/which": {
      "version": "2.0.2",
      "dev": true,
      "license": "ISC",
      "dependencies": {
        "isexe": "^2.0.0"
      },
      "bin": {
        "node-which": "bin/node-which"
      },
      "engines": {
        "node": ">= 8"
      }
    }
  }
}
